
Microsoft Visual Studio Solution File, Format Version 12.00
# Visual Studio 15
VisualStudioVersion = 15.0.28307.1300
MinimumVisualStudioVersion = 10.0.40219.1
Project("{9A19103F-16F7-4668-BE54-9A1E7A4F7556}") = "Stark.Tool", "Stark.Tool\Stark.Tool.csproj", "{37F9D1A9-074C-4D67-9C02-66E2A080535B}"
EndProject
Global
	GlobalSection(SolutionConfigurationPlatforms) = preSolution
		Debug|Any CPU = Debug|Any CPU
		Release|Any CPU = Release|Any CPU
	EndGlobalSection
	GlobalSection(ProjectConfigurationPlatforms) = postSolution
		{37F9D1A9-074C-4D67-9C02-66E2A080535B}.Debug|Any CPU.ActiveCfg = Debug|Any CPU
		{37F9D1A9-074C-4D67-9C02-66E2A080535B}.Debug|Any CPU.Build.0 = Debug|Any CPU
		{37F9D1A9-074C-4D67-9C02-66E2A080535B}.Release|Any CPU.ActiveCfg = Release|Any CPU
		{37F9D1A9-074C-4D67-9C02-66E2A080535B}.Release|Any CPU.Build.0 = Release|Any CPU
	EndGlobalSection
	GlobalSection(SolutionProperties) = preSolution
		HideSolutionNode = FALSE
	EndGlobalSection
	GlobalSection(ExtensibilityGlobals) = postSolution
		SolutionGuid = {5674B3CC-23FA-4E8D-9BCA-5E1DD8744E5D}
	EndGlobalSection
EndGlobal
